github.com/tlentz/d2modmaker/internal/charStatsTxt v0.0.0-20200628132728-d9f2139c65b5 h1:ctkB6+r7RaqwdwimsGgsusJhD4kz9dmgMZ60Wxz5X5A=
github.com/tlentz/d2modmaker/internal/charStatsTxt v0.0.0-20200628132728-d9f2139c65b5/go.mod h1:fO71LhsTUZdejDa46ZQ5sSe2nc4YKxe3zs+dm00mxeg=
github.com/tlentz/d2modmaker/internal/d2file v0.0.0-20200628132728-d9f2139c65b5 h1:r6MEsNa148eeK6W1c6gvYA/0nDMxOyv1kOJ0S2kFaSQ=
github.com/tlentz/d2modmaker/internal/d2file v0.0.0-20200628132728-d9f2139c65b5/go.mod h1:OemWBsnwhCaUGrOahKON6tULgVlNTXt7isPwvPyIloM=
github.com/tlentz/d2modmaker/internal/gemsTxt v0.0.0-20200628132728-d9f2139c65b5 h1:rphVyFGEMa0mVmOYbM4svzkEy1vNgf/fSwne28zNLwo=
github.com/tlentz/d2modmaker/internal/gemsTxt v0.0.0-20200628132728-d9f2139c65b5/go.mod h1:kk+HeaSqk5JEJEHDCNNhFvY84opvjfNOpvXZNmiCrJ4=
github.com/tlentz/d2modmaker/internal/itemRatioTxt v0.0.0-20200628132728-d9f2139c65b5 h1:XrdEKnGKsuj+dHNZkT30XKI4VcgldPMzzam82MuHqM8=
github.com/tlentz/d2modmaker/internal/itemRatioTxt v0.0.0-20200628132728-d9f2139c65b5/go.mod h1:FEIjKDmzzlll7ZeXDy2N9LqePzw2NLe6sTVm4MY3rNw=
github.com/tlentz/d2modmaker/internal/levelsTxt v0.0.0-20200628132728-d9f2139c65b5 h1:cD96arUOL8yUZLBIAyxt2yMKkNkc4BylGdxV8SuXwSw=
github.com/tlentz/d2modmaker/internal/levelsTxt v0.0.0-20200628132728-d9f2139c65b5/go.mod h1:MCmmMg+m7RrOxnfRkw9zzUiTw+DKcAYYrL0zIneOIh0=
github.com/tlentz/d2modmaker/internal/miscTxt v0.0.0-20200628132728-d9f2139c65b5 h1:1XZsfcJCC6P2bSyrS5meZRqNDmeSDgGGPmiqZgsJc94=
github.com/tlentz/d2modmaker/internal/miscTxt v0.0.0-20200628132728-d9f2139c65b5/go.mod h1:hjNnUK2AhtrEhwYV+tli2Mp/GUNvic1XUW7f1e43lGE=
github.com/tlentz/d2modmaker/internal/missilesTxt v0.0.0-20200628132728-d9f2139c65b5 h1:7CHgISHOxsMS0v1UglASgy2JCGal3/R4Jmq4GH9l/Rc=
github.com/tlentz/d2modmaker/internal/missilesTxt v0.0.0-20200628132728-d9f2139c65b5/go.mod h1:pu2Yr/dbJM8D5reSB2Q7cS43fNbg+N4Svvm00On5C9s=
github.com/tlentz/d2modmaker/internal/runesTxt v0.0.0-20200628132728-d9f2139c65b5 h1:mruUt+jlnXlL6OgHkksAqk5aJ7UW2miWFctYMAZ3Wyc=
github.com/tlentz/d2modmaker/internal/runesTxt v0.0.0-20200628132728-d9f2139c65b5/go.mod h1:kCNofSQC9arCgK3HLckFyXIt9Q9WAgwin1Jyy7IjJBs=
github.com/tlentz/d2modmaker/internal/setItemsTxt v0.0.0-20200628132728-d9f2139c65b5 h1:LLXUi5Iubko97XRBPBihYi0o+u1Lmd1k74UKLXFv87Q=
github.com/tlentz/d2modmaker/internal/setItemsTxt v0.0.0-20200628132728-d9f2139c65b5/go.mod h1:LyeMPxqMjH5+mBskQJGLajWZtyCQNqREdmSTGqyNPTI=
github.com/tlentz/d2modmaker/internal/setsTxt v0.0.0-20200628132728-d9f2139c65b5 h1:Iv4RVW2I8r1ony8Cj9m+gSHQD4fQ6bZQfeQibYIFqr4=
github.com/tlentz/d2modmaker/internal/setsTxt v0.0.0-20200628132728-d9f2139c65b5/go.mod h1:uE5L2ga4rLi1FqyV7tLy/vAMjupl8/LqPUKARFOF/eY=
github.com/tlentz/d2modmaker/internal/skillsTxt v0.0.0-20200628132728-d9f2139c65b5 h1:9vF7fKV0a+FY6gutGBnZ/qhSfnNnoEaRFIcFH3tuGXQ=
github.com/tlentz/d2modmaker/internal/skillsTxt v0.0.0-20200628132728-d9f2139c65b5/go.mod h1:LcjstrUFwhHpSnmy9/VDYHmPbyjHGCiZoIlDGkGPH+A=
github.com/tlentz/d2modmaker/internal/uniqueItemsTxt v0.0.0-20200628132728-d9f2139c65b5 h1:UwKm3Bk5QRT2tbC1ow0Uk1MgSZT337+ceWqkUwqdHkY=
github.com/tlentz/d2modmaker/internal/uniqueItemsTxt v0.0.0-20200628132728-d9f2139c65b5/go.mod h1:3xVo30zV5Zja2PMEG2152AnQrrjNkK1u9R/+qX0fUlE=
github.com/tlentz/d2modmaker/internal/util v0.0.0-20200628132728-d9f2139c65b5 h1:C7AlXiELb0OWOp3oVdMyGmfZ4HBHHJKkVboskGDyOIc=
github.com/tlentz/d2modmaker/internal/util v0.0.0-20200628132728-d9f2139c65b5/go.mod h1:mFDKaRWfy0AETxYJb84KReUWcHA0qkLnbpmgdvIsDI8=
